
Microsoft Visual Studio Solution File, Format Version 12.00
# Visual Studio Version 16
VisualStudioVersion = 16.0.30503.244
MinimumVisualStudioVersion = 10.0.40219.1
Project("{FAE04EC0-301F-11D3-BF4B-00C04F79EFBC}") = "Fibonacci_AudioVideo", "Fibonacci_AudioVideo\Fibonacci_AudioVideo.csproj", "{49166A48-9FC7-48E0-9582-BCD2754CC7D7}"
EndProject
Global
	GlobalSection(SolutionConfigurationPlatforms) = preSolution
		Debug|Any CPU = Debug|Any CPU
		Release|Any CPU = Release|Any CPU
	EndGlobalSection
	GlobalSection(ProjectConfigurationPlatforms) = postSolution
		{49166A48-9FC7-48E0-9582-BCD2754CC7D7}.Debug|Any CPU.ActiveCfg = Debug|Any CPU
		{49166A48-9FC7-48E0-9582-BCD2754CC7D7}.Debug|Any CPU.Build.0 = Debug|Any CPU
		{49166A48-9FC7-48E0-9582-BCD2754CC7D7}.Release|Any CPU.ActiveCfg = Release|Any CPU
		{49166A48-9FC7-48E0-9582-BCD2754CC7D7}.Release|Any CPU.Build.0 = Release|Any CPU
	EndGlobalSection
	GlobalSection(SolutionProperties) = preSolution
		HideSolutionNode = FALSE
	EndGlobalSection
	GlobalSection(ExtensibilityGlobals) = postSolution
		SolutionGuid = {D916D625-C3A6-427F-A964-DF7E3B1B3C0F}
	EndGlobalSection
EndGlobal
